
Microsoft Visual Studio Solution File, Format Version 12.00
# Visual Studio 15
VisualStudioVersion = 15.0.27428.2015
MinimumVisualStudioVersion = 10.0.40219.1
Project("{FAE04EC0-301F-11D3-BF4B-00C04F79EFBC}") = "KoloseumApp", "KoloseumApp\KoloseumApp.csproj", "{EFEC59F7-2485-4C50-A883-143624E4B3E5}"
EndProject
Project("{FAE04EC0-301F-11D3-BF4B-00C04F79EFBC}") = "KoloseumLibrary", "KoloseumLibrary\KoloseumLibrary.csproj", "{27F36B2F-A576-4134-8E09-4109F0248B95}"
EndProject
Global
	GlobalSection(SolutionConfigurationPlatforms) = preSolution
		Debug|Any CPU = Debug|Any CPU
		Release|Any CPU = Release|Any CPU
	EndGlobalSection
	GlobalSection(ProjectConfigurationPlatforms) = postSolution
		{EFEC59F7-2485-4C50-A883-143624E4B3E5}.Debug|Any CPU.ActiveCfg = Debug|Any CPU
		{EFEC59F7-2485-4C50-A883-143624E4B3E5}.Debug|Any CPU.Build.0 = Debug|Any CPU
		{EFEC59F7-2485-4C50-A883-143624E4B3E5}.Release|Any CPU.ActiveCfg = Release|Any CPU
		{EFEC59F7-2485-4C50-A883-143624E4B3E5}.Release|Any CPU.Build.0 = Release|Any CPU
		{27F36B2F-A576-4134-8E09-4109F0248B95}.Debug|Any CPU.ActiveCfg = Debug|Any CPU
		{27F36B2F-A576-4134-8E09-4109F0248B95}.Debug|Any CPU.Build.0 = Debug|Any CPU
		{27F36B2F-A576-4134-8E09-4109F0248B95}.Release|Any CPU.ActiveCfg = Release|Any CPU
		{27F36B2F-A576-4134-8E09-4109F0248B95}.Release|Any CPU.Build.0 = Release|Any CPU
	EndGlobalSection
	GlobalSection(SolutionProperties) = preSolution
		HideSolutionNode = FALSE
	EndGlobalSection
	GlobalSection(ExtensibilityGlobals) = postSolution
		SolutionGuid = {B329789A-D0C5-4263-AE85-50D71306E672}
	EndGlobalSection
EndGlobal
